
Microsoft Visual Studio Solution File, Format Version 11.00
# Visual Studio 2010
Project("{8BC9CEB8-8B4A-11D0-8D11-00A0C91BC942}") = "teat_12_14", "teat_12_14\teat_12_14.vcxproj", "{EF236B22-293A-4C20-A231-D4E04F1E1015}"
EndProject
Global
	GlobalSection(SolutionConfigurationPlatforms) = preSolution
		Debug|Win32 = Debug|Win32
		Release|Win32 = Release|Win32
	EndGlobalSection
	GlobalSection(ProjectConfigurationPlatforms) = postSolution
		{EF236B22-293A-4C20-A231-D4E04F1E1015}.Debug|Win32.ActiveCfg = Debug|Win32
		{EF236B22-293A-4C20-A231-D4E04F1E1015}.Debug|Win32.Build.0 = Debug|Win32
		{EF236B22-293A-4C20-A231-D4E04F1E1015}.Release|Win32.ActiveCfg = Release|Win32
		{EF236B22-293A-4C20-A231-D4E04F1E1015}.Release|Win32.Build.0 = Release|Win32
	EndGlobalSection
	GlobalSection(SolutionProperties) = preSolution
		HideSolutionNode = FALSE
	EndGlobalSection
EndGlobal
