
Microsoft Visual Studio Solution File, Format Version 11.00
# Visual Studio 2010
Project("{8BC9CEB8-8B4A-11D0-8D11-00A0C91BC942}") = "test_01_26", "test_01_26\test_01_26.vcxproj", "{40FCCBAC-92CC-48DE-8028-636E563871D3}"
EndProject
Global
	GlobalSection(SolutionConfigurationPlatforms) = preSolution
		Debug|Win32 = Debug|Win32
		Release|Win32 = Release|Win32
	EndGlobalSection
	GlobalSection(ProjectConfigurationPlatforms) = postSolution
		{40FCCBAC-92CC-48DE-8028-636E563871D3}.Debug|Win32.ActiveCfg = Debug|Win32
		{40FCCBAC-92CC-48DE-8028-636E563871D3}.Debug|Win32.Build.0 = Debug|Win32
		{40FCCBAC-92CC-48DE-8028-636E563871D3}.Release|Win32.ActiveCfg = Release|Win32
		{40FCCBAC-92CC-48DE-8028-636E563871D3}.Release|Win32.Build.0 = Release|Win32
	EndGlobalSection
	GlobalSection(SolutionProperties) = preSolution
		HideSolutionNode = FALSE
	EndGlobalSection
EndGlobal
